{
  "name": "server",
  "lockfileVersion": 2,
  "requires": true,
  "packages": {
    "": {
      "dependencies": {
        "demo.io": "file:.."
      }
    },
    "..": {
      "version": "0.1.0",
      "hasInstallScript": true
    },
    "node_modules/demo.io": {
      "resolved": "..",
      "link": true
    }
  },
  "dependencies": {
    "demo.io": {
      "version": "file:.."
    }
  }
}
